
Microsoft Visual Studio Solution File, Format Version 12.00
# Visual Studio 15
VisualStudioVersion = 15.0.28307.1062
MinimumVisualStudioVersion = 10.0.40219.1
Project("{FAE04EC0-301F-11D3-BF4B-00C04F79EFBC}") = "RimWorld No Passionate Skill Decay", "RimWorld No Passionate Skill Decay\RimWorld No Passionate Skill Decay.csproj", "{8B986204-A7E0-49DF-9D06-62D53CFC5D99}"
EndProject
Project("{FAE04EC0-301F-11D3-BF4B-00C04F79EFBC}") = "RimWorld Better Infections", "RimWorld Better Infections\RimWorld Better Infections.csproj", "{DBE2A5C4-D8EA-4D35-A94E-256DA8237769}"
EndProject
Project("{FAE04EC0-301F-11D3-BF4B-00C04F79EFBC}") = "RimWorld Improve This Building", "RimWorld Improve This Building\RimWorld Improve This Building.csproj", "{DBE2A5C4-D8EA-4D35-A94E-256DA8237768}"
EndProject
Global
	GlobalSection(SolutionConfigurationPlatforms) = preSolution
		Debug|Any CPU = Debug|Any CPU
		Release|Any CPU = Release|Any CPU
	EndGlobalSection
	GlobalSection(ProjectConfigurationPlatforms) = postSolution
		{8B986204-A7E0-49DF-9D06-62D53CFC5D99}.Debug|Any CPU.ActiveCfg = Debug|Any CPU
		{8B986204-A7E0-49DF-9D06-62D53CFC5D99}.Debug|Any CPU.Build.0 = Debug|Any CPU
		{8B986204-A7E0-49DF-9D06-62D53CFC5D99}.Release|Any CPU.ActiveCfg = Release|Any CPU
		{8B986204-A7E0-49DF-9D06-62D53CFC5D99}.Release|Any CPU.Build.0 = Release|Any CPU
		{DBE2A5C4-D8EA-4D35-A94E-256DA8237769}.Debug|Any CPU.ActiveCfg = Debug|Any CPU
		{DBE2A5C4-D8EA-4D35-A94E-256DA8237769}.Debug|Any CPU.Build.0 = Debug|Any CPU
		{DBE2A5C4-D8EA-4D35-A94E-256DA8237769}.Release|Any CPU.ActiveCfg = Release|Any CPU
		{DBE2A5C4-D8EA-4D35-A94E-256DA8237769}.Release|Any CPU.Build.0 = Release|Any CPU
		{DBE2A5C4-D8EA-4D35-A94E-256DA8237768}.Debug|Any CPU.ActiveCfg = Debug|Any CPU
		{DBE2A5C4-D8EA-4D35-A94E-256DA8237768}.Debug|Any CPU.Build.0 = Debug|Any CPU
		{DBE2A5C4-D8EA-4D35-A94E-256DA8237768}.Release|Any CPU.ActiveCfg = Release|Any CPU
		{DBE2A5C4-D8EA-4D35-A94E-256DA8237768}.Release|Any CPU.Build.0 = Release|Any CPU
	EndGlobalSection
	GlobalSection(SolutionProperties) = preSolution
		HideSolutionNode = FALSE
	EndGlobalSection
	GlobalSection(ExtensibilityGlobals) = postSolution
		SolutionGuid = {7F3346BA-780B-497E-A8E8-17294F7E8FF6}
	EndGlobalSection
EndGlobal
